// !$*UTF8*$!
{
	archiveVersion = 1;
	classes = {
	};
	objectVersion = 48;
	objects = {

/* Begin PBXBuildFile section */
		89C618391FD479EB0072F3C0 /* AppDelegate.swift in Sources */ = {isa = PBXBuildFile; fileRef = 89C618381FD479EB0072F3C0 /* AppDelegate.swift */; };
		89C6183B1FD479EB0072F3C0 /* ViewController.swift in Sources */ = {isa = PBXBuildFile; fileRef = 89C6183A1FD479EB0072F3C0 /* ViewController.swift */; };
		89C6183E1FD479EB0072F3C0 /* Main.storyboard in Resources */ = {isa = PBXBuildFile; fileRef = 89C6183C1FD479EB0072F3C0 /* Main.storyboard */; };
		89C618401FD479EB0072F3C0 /* Assets.xcassets in Resources */ = {isa = PBXBuildFile; fileRef = 89C6183F1FD479EB0072F3C0 /* Assets.xcassets */; };
		89C618431FD479EB0072F3C0 /* LaunchScreen.storyboard in Resources */ = {isa = PBXBuildFile; fileRef = 89C618411FD479EB0072F3C0 /* LaunchScreen.storyboard */; };
		89C618621FD47A050072F3C0 /* gameLogo.png in Resources */ = {isa = PBXBuildFile; fileRef = 89C6184C1FD47A050072F3C0 /* gameLogo.png */; };
		89C618631FD47A050072F3C0 /* Info.png in Resources */ = {isa = PBXBuildFile; fileRef = 89C6184D1FD47A050072F3C0 /* Info.png */; };
		89C618641FD47A050072F3C0 /* down_full.png in Resources */ = {isa = PBXBuildFile; fileRef = 89C6184E1FD47A050072F3C0 /* down_full.png */; };
		89C618651FD47A050072F3C0 /* up_half.png in Resources */ = {isa = PBXBuildFile; fileRef = 89C6184F1FD47A050072F3C0 /* up_half.png */; };
		89C618661FD47A050072F3C0 /* up_full_selected.png in Resources */ = {isa = PBXBuildFile; fileRef = 89C618501FD47A050072F3C0 /* up_full_selected.png */; };
		89C618671FD47A050072F3C0 /* webview_bar.png in Resources */ = {isa = PBXBuildFile; fileRef = 89C618511FD47A050072F3C0 /* webview_bar.png */; };
		89C618681FD47A050072F3C0 /* up_full.png in Resources */ = {isa = PBXBuildFile; fileRef = 89C618521FD47A050072F3C0 /* up_full.png */; };
		89C618691FD47A050072F3C0 /* down_half.png in Resources */ = {isa = PBXBuildFile; fileRef = 89C618531FD47A050072F3C0 /* down_half.png */; };
		89C6186A1FD47A050072F3C0 /* down_full_selected.png in Resources */ = {isa = PBXBuildFile; fileRef = 89C618541FD47A050072F3C0 /* down_full_selected.png */; };
		89C6186B1FD47A050072F3C0 /* next_round_fail.png in Resources */ = {isa = PBXBuildFile; fileRef = 89C618551FD47A050072F3C0 /* next_round_fail.png */; };
		89C6186C1FD47A050072F3C0 /* play_again.png in Resources */ = {isa = PBXBuildFile; fileRef = 89C618561FD47A050072F3C0 /* play_again.png */; };
		89C6186D1FD47A050072F3C0 /* down_half_selected.png in Resources */ = {isa = PBXBuildFile; fileRef = 89C618571FD47A050072F3C0 /* down_half_selected.png */; };
		89C6186E1FD47A050072F3C0 /* splash_screen.png in Resources */ = {isa = PBXBuildFile; fileRef = 89C618581FD47A050072F3C0 /* splash_screen.png */; };
		89C6186F1FD47A050072F3C0 /* up_half_selected.png in Resources */ = {isa = PBXBuildFile; fileRef = 89C618591FD47A050072F3C0 /* up_half_selected.png */; };
		89C618701FD47A050072F3C0 /* next_round_success.png in Resources */ = {isa = PBXBuildFile; fileRef = 89C6185A1FD47A050072F3C0 /* next_round_success.png */; };
		89C618711FD47A050072F3C0 /* IncorrectBuzz.wav in Resources */ = {isa = PBXBuildFile; fileRef = 89C6185C1FD47A050072F3C0 /* IncorrectBuzz.wav */; };
		89C618721FD47A050072F3C0 /* ResultSound.wav in Resources */ = {isa = PBXBuildFile; fileRef = 89C6185D1FD47A050072F3C0 /* ResultSound.wav */; };
		89C618731FD47A050072F3C0 /* CorrectDing.wav in Resources */ = {isa = PBXBuildFile; fileRef = 89C6185E1FD47A050072F3C0 /* CorrectDing.wav */; };
		89C618741FD47A050072F3C0 /* Welcome.wav in Resources */ = {isa = PBXBuildFile; fileRef = 89C6185F1FD47A050072F3C0 /* Welcome.wav */; };
		89C618751FD47A050072F3C0 /* Click.wav in Resources */ = {isa = PBXBuildFile; fileRef = 89C618601FD47A050072F3C0 /* Click.wav */; };
		89C618761FD47A050072F3C0 /* Go.wav in Resources */ = {isa = PBXBuildFile; fileRef = 89C618611FD47A050072F3C0 /* Go.wav */; };
/* End PBXBuildFile section */

/* Begin PBXFileReference section */
		89C618351FD479EB0072F3C0 /* History Blueprint.app */ = {isa = PBXFileReference; explicitFileType = wrapper.application; includeInIndex = 0; path = "History Blueprint.app"; sourceTree = BUILT_PRODUCTS_DIR; };
		89C618381FD479EB0072F3C0 /* AppDelegate.swift */ = {isa = PBXFileReference; lastKnownFileType = sourcecode.swift; path = AppDelegate.swift; sourceTree = "<group>"; };
		89C6183A1FD479EB0072F3C0 /* ViewController.swift */ = {isa = PBXFileReference; lastKnownFileType = sourcecode.swift; path = ViewController.swift; sourceTree = "<group>"; };
		89C6183D1FD479EB0072F3C0 /* Base */ = {isa = PBXFileReference; lastKnownFileType = file.storyboard; name = Base; path = Base.lproj/Main.storyboard; sourceTree = "<group>"; };
		89C6183F1FD479EB0072F3C0 /* Assets.xcassets */ = {isa = PBXFileReference; lastKnownFileType = folder.assetcatalog; path = Assets.xcassets; sourceTree = "<group>"; };
		89C618421FD479EB0072F3C0 /* Base */ = {isa = PBXFileReference; lastKnownFileType = file.storyboard; name = Base; path = Base.lproj/LaunchScreen.storyboard; sourceTree = "<group>"; };
		89C618441FD479EB0072F3C0 /* Info.plist */ = {isa = PBXFileReference; lastKnownFileType = text.plist.xml; path = Info.plist; sourceTree = "<group>"; };
		89C6184C1FD47A050072F3C0 /* gameLogo.png */ = {isa = PBXFileReference; lastKnownFileType = image.png; path = gameLogo.png; sourceTree = "<group>"; };
		89C6184D1FD47A050072F3C0 /* Info.png */ = {isa = PBXFileReference; lastKnownFileType = image.png; path = Info.png; sourceTree = "<group>"; };
		89C6184E1FD47A050072F3C0 /* down_full.png */ = {isa = PBXFileReference; lastKnownFileType = image.png; path = down_full.png; sourceTree = "<group>"; };
		89C6184F1FD47A050072F3C0 /* up_half.png */ = {isa = PBXFileReference; lastKnownFileType = image.png; path = up_half.png; sourceTree = "<group>"; };
		89C618501FD47A050072F3C0 /* up_full_selected.png */ = {isa = PBXFileReference; lastKnownFileType = image.png; path = up_full_selected.png; sourceTree = "<group>"; };
		89C618511FD47A050072F3C0 /* webview_bar.png */ = {isa = PBXFileReference; lastKnownFileType = image.png; path = webview_bar.png; sourceTree = "<group>"; };
		89C618521FD47A050072F3C0 /* up_full.png */ = {isa = PBXFileReference; lastKnownFileType = image.png; path = up_full.png; sourceTree = "<group>"; };
		89C618531FD47A050072F3C0 /* down_half.png */ = {isa = PBXFileReference; lastKnownFileType = image.png; path = down_half.png; sourceTree = "<group>"; };
		89C618541FD47A050072F3C0 /* down_full_selected.png */ = {isa = PBXFileReference; lastKnownFileType = image.png; path = down_full_selected.png; sourceTree = "<group>"; };
		89C618551FD47A050072F3C0 /* next_round_fail.png */ = {isa = PBXFileReference; lastKnownFileType = image.png; path = next_round_fail.png; sourceTree = "<group>"; };
		89C618561FD47A050072F3C0 /* play_again.png */ = {isa = PBXFileReference; lastKnownFileType = image.png; path = play_again.png; sourceTree = "<group>"; };
		89C618571FD47A050072F3C0 /* down_half_selected.png */ = {isa = PBXFileReference; lastKnownFileType = image.png; path = down_half_selected.png; sourceTree = "<group>"; };
		89C618581FD47A050072F3C0 /* splash_screen.png */ = {isa = PBXFileReference; lastKnownFileType = image.png; path = splash_screen.png; sourceTree = "<group>"; };
		89C618591FD47A050072F3C0 /* up_half_selected.png */ = {isa = PBXFileReference; lastKnownFileType = image.png; path = up_half_selected.png; sourceTree = "<group>"; };
		89C6185A1FD47A050072F3C0 /* next_round_success.png */ = {isa = PBXFileReference; lastKnownFileType = image.png; path = next_round_success.png; sourceTree = "<group>"; };
		89C6185C1FD47A050072F3C0 /* IncorrectBuzz.wav */ = {isa = PBXFileReference; lastKnownFileType = audio.wav; path = IncorrectBuzz.wav; sourceTree = "<group>"; };
		89C6185D1FD47A050072F3C0 /* ResultSound.wav */ = {isa = PBXFileReference; lastKnownFileType = audio.wav; path = ResultSound.wav; sourceTree = "<group>"; };
		89C6185E1FD47A050072F3C0 /* CorrectDing.wav */ = {isa = PBXFileReference; lastKnownFileType = audio.wav; path = CorrectDing.wav; sourceTree = "<group>"; };
		89C6185F1FD47A050072F3C0 /* Welcome.wav */ = {isa = PBXFileReference; lastKnownFileType = audio.wav; path = Welcome.wav; sourceTree = "<group>"; };
		89C618601FD47A050072F3C0 /* Click.wav */ = {isa = PBXFileReference; lastKnownFileType = audio.wav; path = Click.wav; sourceTree = "<group>"; };
		89C618611FD47A050072F3C0 /* Go.wav */ = {isa = PBXFileReference; lastKnownFileType = audio.wav; path = Go.wav; sourceTree = "<group>"; };
/* End PBXFileReference section */

/* Begin PBXFrameworksBuildPhase section */
		89C618321FD479EB0072F3C0 /* Frameworks */ = {
			isa = PBXFrameworksBuildPhase;
			buildActionMask = 2147483647;
			files = (
			);
			runOnlyForDeploymentPostprocessing = 0;
		};
/* End PBXFrameworksBuildPhase section */

/* Begin PBXGroup section */
		89C6182C1FD479EB0072F3C0 = {
			isa = PBXGroup;
			children = (
				89C618371FD479EB0072F3C0 /* History Blueprint */,
				89C618361FD479EB0072F3C0 /* Products */,
				89C6184A1FD47A050072F3C0 /* Assets */,
			);
			sourceTree = "<group>";
		};
		89C618361FD479EB0072F3C0 /* Products */ = {
			isa = PBXGroup;
			children = (
				89C618351FD479EB0072F3C0 /* History Blueprint.app */,
			);
			name = Products;
			sourceTree = "<group>";
		};
		89C618371FD479EB0072F3C0 /* History Blueprint */ = {
			isa = PBXGroup;
			children = (
				89C618381FD479EB0072F3C0 /* AppDelegate.swift */,
				89C6183A1FD479EB0072F3C0 /* ViewController.swift */,
				89C6183C1FD479EB0072F3C0 /* Main.storyboard */,
				89C6183F1FD479EB0072F3C0 /* Assets.xcassets */,
				89C618411FD479EB0072F3C0 /* LaunchScreen.storyboard */,
				89C618441FD479EB0072F3C0 /* Info.plist */,
			);
			path = "History Blueprint";
			sourceTree = "<group>";
		};
		89C6184A1FD47A050072F3C0 /* Assets */ = {
			isa = PBXGroup;
			children = (
				89C6184B1FD47A050072F3C0 /* images */,
				89C6185B1FD47A050072F3C0 /* sounds */,
			);
			path = Assets;
			sourceTree = "<group>";
		};
		89C6184B1FD47A050072F3C0 /* images */ = {
			isa = PBXGroup;
			children = (
				89C6184C1FD47A050072F3C0 /* gameLogo.png */,
				89C6184D1FD47A050072F3C0 /* Info.png */,
				89C6184E1FD47A050072F3C0 /* down_full.png */,
				89C6184F1FD47A050072F3C0 /* up_half.png */,
				89C618501FD47A050072F3C0 /* up_full_selected.png */,
				89C618511FD47A050072F3C0 /* webview_bar.png */,
				89C618521FD47A050072F3C0 /* up_full.png */,
				89C618531FD47A050072F3C0 /* down_half.png */,
				89C618541FD47A050072F3C0 /* down_full_selected.png */,
				89C618551FD47A050072F3C0 /* next_round_fail.png */,
				89C618561FD47A050072F3C0 /* play_again.png */,
				89C618571FD47A050072F3C0 /* down_half_selected.png */,
				89C618581FD47A050072F3C0 /* splash_screen.png */,
				89C618591FD47A050072F3C0 /* up_half_selected.png */,
				89C6185A1FD47A050072F3C0 /* next_round_success.png */,
			);
			path = images;
			sourceTree = "<group>";
		};
		89C6185B1FD47A050072F3C0 /* sounds */ = {
			isa = PBXGroup;
			children = (
				89C6185C1FD47A050072F3C0 /* IncorrectBuzz.wav */,
				89C6185D1FD47A050072F3C0 /* ResultSound.wav */,
				89C6185E1FD47A050072F3C0 /* CorrectDing.wav */,
				89C6185F1FD47A050072F3C0 /* Welcome.wav */,
				89C618601FD47A050072F3C0 /* Click.wav */,
				89C618611FD47A050072F3C0 /* Go.wav */,
			);
			path = sounds;
			sourceTree = "<group>";
		};
/* End PBXGroup section */

/* Begin PBXNativeTarget section */
		89C618341FD479EB0072F3C0 /* History Blueprint */ = {
			isa = PBXNativeTarget;
			buildConfigurationList = 89C618471FD479EB0072F3C0 /* Build configuration list for PBXNativeTarget "History Blueprint" */;
			buildPhases = (
				89C618311FD479EB0072F3C0 /* Sources */,
				89C618321FD479EB0072F3C0 /* Frameworks */,
				89C618331FD479EB0072F3C0 /* Resources */,
			);
			buildRules = (
			);
			dependencies = (
			);
			name = "History Blueprint";
			productName = "History Blueprint";
			productReference = 89C618351FD479EB0072F3C0 /* History Blueprint.app */;
			productType = "com.apple.product-type.application";
		};
/* End PBXNativeTarget section */

/* Begin PBXProject section */
		89C6182D1FD479EB0072F3C0 /* Project object */ = {
			isa = PBXProject;
			attributes = {
				LastSwiftUpdateCheck = 0910;
				LastUpgradeCheck = 0910;
				ORGANIZATIONNAME = "Mihai Leonte";
				TargetAttributes = {
					89C618341FD479EB0072F3C0 = {
						CreatedOnToolsVersion = 9.1;
						ProvisioningStyle = Automatic;
					};
				};
			};
			buildConfigurationList = 89C618301FD479EB0072F3C0 /* Build configuration list for PBXProject "History Blueprint" */;
			compatibilityVersion = "Xcode 8.0";
			developmentRegion = en;
			hasScannedForEncodings = 0;
			knownRegions = (
				en,
				Base,
			);
			mainGroup = 89C6182C1FD479EB0072F3C0;
			productRefGroup = 89C618361FD479EB0072F3C0 /* Products */;
			projectDirPath = "";
			projectRoot = "";
			targets = (
				89C618341FD479EB0072F3C0 /* History Blueprint */,
			);
		};
/* End PBXProject section */

/* Begin PBXResourcesBuildPhase section */
		89C618331FD479EB0072F3C0 /* Resources */ = {
			isa = PBXResourcesBuildPhase;
			buildActionMask = 2147483647;
			files = (
				89C6186C1FD47A050072F3C0 /* play_again.png in Resources */,
				89C618701FD47A050072F3C0 /* next_round_success.png in Resources */,
				89C618641FD47A050072F3C0 /* down_full.png in Resources */,
				89C618711FD47A050072F3C0 /* IncorrectBuzz.wav in Resources */,
				89C618681FD47A050072F3C0 /* up_full.png in Resources */,
				89C618651FD47A050072F3C0 /* up_half.png in Resources */,
				89C6186A1FD47A050072F3C0 /* down_full_selected.png in Resources */,
				89C618431FD479EB0072F3C0 /* LaunchScreen.storyboard in Resources */,
				89C618751FD47A050072F3C0 /* Click.wav in Resources */,
				89C618401FD479EB0072F3C0 /* Assets.xcassets in Resources */,
				89C6186F1FD47A050072F3C0 /* up_half_selected.png in Resources */,
				89C6186D1FD47A050072F3C0 /* down_half_selected.png in Resources */,
				89C618631FD47A050072F3C0 /* Info.png in Resources */,
				89C618671FD47A050072F3C0 /* webview_bar.png in Resources */,
				89C618691FD47A050072F3C0 /* down_half.png in Resources */,
				89C618621FD47A050072F3C0 /* gameLogo.png in Resources */,
				89C618761FD47A050072F3C0 /* Go.wav in Resources */,
				89C6186B1FD47A050072F3C0 /* next_round_fail.png in Resources */,
				89C618661FD47A050072F3C0 /* up_full_selected.png in Resources */,
				89C618741FD47A050072F3C0 /* Welcome.wav in Resources */,
				89C6186E1FD47A050072F3C0 /* splash_screen.png in Resources */,
				89C6183E1FD479EB0072F3C0 /* Main.storyboard in Resources */,
				89C618731FD47A050072F3C0 /* CorrectDing.wav in Resources */,
				89C618721FD47A050072F3C0 /* ResultSound.wav in Resources */,
			);
			runOnlyForDeploymentPostprocessing = 0;
		};
/* End PBXResourcesBuildPhase section */

/* Begin PBXSourcesBuildPhase section */
		89C618311FD479EB0072F3C0 /* Sources */ = {
			isa = PBXSourcesBuildPhase;
			buildActionMask = 2147483647;
			files = (
				89C6183B1FD479EB0072F3C0 /* ViewController.swift in Sources */,
				89C618391FD479EB0072F3C0 /* AppDelegate.swift in Sources */,
			);
			runOnlyForDeploymentPostprocessing = 0;
		};
/* End PBXSourcesBuildPhase section */

/* Begin PBXVariantGroup section */
		89C6183C1FD479EB0072F3C0 /* Main.storyboard */ = {
			isa = PBXVariantGroup;
			children = (
				89C6183D1FD479EB0072F3C0 /* Base */,
			);
			name = Main.storyboard;
			sourceTree = "<group>";
		};
		89C618411FD479EB0072F3C0 /* LaunchScreen.storyboard */ = {
			isa = PBXVariantGroup;
			children = (
				89C618421FD479EB0072F3C0 /* Base */,
			);
			name = LaunchScreen.storyboard;
			sourceTree = "<group>";
		};
/* End PBXVariantGroup section */

/* Begin XCBuildConfiguration section */
		89C618451FD479EB0072F3C0 /* Debug */ = {
			isa = XCBuildConfiguration;
			buildSettings = {
				ALWAYS_SEARCH_USER_PATHS = NO;
				CLANG_ANALYZER_NONNULL = YES;
				CLANG_ANALYZER_NUMBER_OBJECT_CONVERSION = YES_AGGRESSIVE;
				CLANG_CXX_LANGUAGE_STANDARD = "gnu++14";
				CLANG_CXX_LIBRARY = "libc++";
				CLANG_ENABLE_MODULES = YES;
				CLANG_ENABLE_OBJC_ARC = YES;
				CLANG_WARN_BLOCK_CAPTURE_AUTORELEASING = YES;
				CLANG_WARN_BOOL_CONVERSION = YES;
				CLANG_WARN_COMMA = YES;
				CLANG_WARN_CONSTANT_CONVERSION = YES;
				CLANG_WARN_DIRECT_OBJC_ISA_USAGE = YES_ERROR;
				CLANG_WARN_DOCUMENTATION_COMMENTS = YES;
				CLANG_WARN_EMPTY_BODY = YES;
				CLANG_WARN_ENUM_CONVERSION = YES;
				CLANG_WARN_INFINITE_RECURSION = YES;
				CLANG_WARN_INT_CONVERSION = YES;
				CLANG_WARN_NON_LITERAL_NULL_CONVERSION = YES;
				CLANG_WARN_OBJC_LITERAL_CONVERSION = YES;
				CLANG_WARN_OBJC_ROOT_CLASS = YES_ERROR;
				CLANG_WARN_RANGE_LOOP_ANALYSIS = YES;
				CLANG_WARN_STRICT_PROTOTYPES = YES;
				CLANG_WARN_SUSPICIOUS_MOVE = YES;
				CLANG_WARN_UNGUARDED_AVAILABILITY = YES_AGGRESSIVE;
				CLANG_WARN_UNREACHABLE_CODE = YES;
				CLANG_WARN__DUPLICATE_METHOD_MATCH = YES;
				CODE_SIGN_IDENTITY = "iPhone Developer";
				COPY_PHASE_STRIP = NO;
				DEBUG_INFORMATION_FORMAT = dwarf;
				ENABLE_STRICT_OBJC_MSGSEND = YES;
				ENABLE_TESTABILITY = YES;
				GCC_C_LANGUAGE_STANDARD = gnu11;
				GCC_DYNAMIC_NO_PIC = NO;
				GCC_NO_COMMON_BLOCKS = YES;
				GCC_OPTIMIZATION_LEVEL = 0;
				GCC_PREPROCESSOR_DEFINITIONS = (
					"DEBUG=1",
					"$(inherited)",
				);
				GCC_WARN_64_TO_32_BIT_CONVERSION = YES;
				GCC_WARN_ABOUT_RETURN_TYPE = YES_ERROR;
				GCC_WARN_UNDECLARED_SELECTOR = YES;
				GCC_WARN_UNINITIALIZED_AUTOS = YES_AGGRESSIVE;
				GCC_WARN_UNUSED_FUNCTION = YES;
				GCC_WARN_UNUSED_VARIABLE = YES;
				IPHONEOS_DEPLOYMENT_TARGET = 11.1;
				MTL_ENABLE_DEBUG_INFO = YES;
				ONLY_ACTIVE_ARCH = YES;
				SDKROOT = iphoneos;
				SWIFT_ACTIVE_COMPILATION_CONDITIONS = DEBUG;
				SWIFT_OPTIMIZATION_LEVEL = "-Onone";
			};
			name = Debug;
		};
		89C618461FD479EB0072F3C0 /* Release */ = {
			isa = XCBuildConfiguration;
			buildSettings = {
				ALWAYS_SEARCH_USER_PATHS = NO;
				CLANG_ANALYZER_NONNULL = YES;
				CLANG_ANALYZER_NUMBER_OBJECT_CONVERSION = YES_AGGRESSIVE;
				CLANG_CXX_LANGUAGE_STANDARD = "gnu++14";
				CLANG_CXX_LIBRARY = "libc++";
				CLANG_ENABLE_MODULES = YES;
				CLANG_ENABLE_OBJC_ARC = YES;
				CLANG_WARN_BLOCK_CAPTURE_AUTORELEASING = YES;
				CLANG_WARN_BOOL_CONVERSION = YES;
				CLANG_WARN_COMMA = YES;
				CLANG_WARN_CONSTANT_CONVERSION = YES;
				CLANG_WARN_DIRECT_OBJC_ISA_USAGE = YES_ERROR;
				CLANG_WARN_DOCUMENTATION_COMMENTS = YES;
				CLANG_WARN_EMPTY_BODY = YES;
				CLANG_WARN_ENUM_CONVERSION = YES;
				CLANG_WARN_INFINITE_RECURSION = YES;
				CLANG_WARN_INT_CONVERSION = YES;
				CLANG_WARN_NON_LITERAL_NULL_CONVERSION = YES;
				CLANG_WARN_OBJC_LITERAL_CONVERSION = YES;
				CLANG_WARN_OBJC_ROOT_CLASS = YES_ERROR;
				CLANG_WARN_RANGE_LOOP_ANALYSIS = YES;
				CLANG_WARN_STRICT_PROTOTYPES = YES;
				CLANG_WARN_SUSPICIOUS_MOVE = YES;
				CLANG_WARN_UNGUARDED_AVAILABILITY = YES_AGGRESSIVE;
				CLANG_WARN_UNREACHABLE_CODE = YES;
				CLANG_WARN__DUPLICATE_METHOD_MATCH = YES;
				CODE_SIGN_IDENTITY = "iPhone Developer";
				COPY_PHASE_STRIP = NO;
				DEBUG_INFORMATION_FORMAT = "dwarf-with-dsym";
				ENABLE_NS_ASSERTIONS = NO;
				ENABLE_STRICT_OBJC_MSGSEND = YES;
				GCC_C_LANGUAGE_STANDARD = gnu11;
				GCC_NO_COMMON_BLOCKS = YES;
				GCC_WARN_64_TO_32_BIT_CONVERSION = YES;
				GCC_WARN_ABOUT_RETURN_TYPE = YES_ERROR;
				GCC_WARN_UNDECLARED_SELECTOR = YES;
				GCC_WARN_UNINITIALIZED_AUTOS = YES_AGGRESSIVE;
				GCC_WARN_UNUSED_FUNCTION = YES;
				GCC_WARN_UNUSED_VARIABLE = YES;
				IPHONEOS_DEPLOYMENT_TARGET = 11.1;
				MTL_ENABLE_DEBUG_INFO = NO;
				SDKROOT = iphoneos;
				SWIFT_OPTIMIZATION_LEVEL = "-Owholemodule";
				VALIDATE_PRODUCT = YES;
			};
			name = Release;
		};
		89C618481FD479EB0072F3C0 /* Debug */ = {
			isa = XCBuildConfiguration;
			buildSettings = {
				ASSETCATALOG_COMPILER_APPICON_NAME = AppIcon;
				CODE_SIGN_STYLE = Automatic;
				INFOPLIST_FILE = "History Blueprint/Info.plist";
				LD_RUNPATH_SEARCH_PATHS = "$(inherited) @executable_path/Frameworks";
				PRODUCT_BUNDLE_IDENTIFIER = "mihaileonte.History-Blueprint";
				PRODUCT_NAME = "$(TARGET_NAME)";
				SWIFT_VERSION = 4.0;
				TARGETED_DEVICE_FAMILY = "1,2";
			};
			name = Debug;
		};
		89C618491FD479EB0072F3C0 /* Release */ = {
			isa = XCBuildConfiguration;
			buildSettings = {
				ASSETCATALOG_COMPILER_APPICON_NAME = AppIcon;
				CODE_SIGN_STYLE = Automatic;
				INFOPLIST_FILE = "History Blueprint/Info.plist";
				LD_RUNPATH_SEARCH_PATHS = "$(inherited) @executable_path/Frameworks";
				PRODUCT_BUNDLE_IDENTIFIER = "mihaileonte.History-Blueprint";
				PRODUCT_NAME = "$(TARGET_NAME)";
				SWIFT_VERSION = 4.0;
				TARGETED_DEVICE_FAMILY = "1,2";
			};
			name = Release;
		};
/* End XCBuildConfiguration section */

/* Begin XCConfigurationList section */
		89C618301FD479EB0072F3C0 /* Build configuration list for PBXProject "History Blueprint" */ = {
			isa = XCConfigurationList;
			buildConfigurations = (
				89C618451FD479EB0072F3C0 /* Debug */,
				89C618461FD479EB0072F3C0 /* Release */,
			);
			defaultConfigurationIsVisible = 0;
			defaultConfigurationName = Release;
		};
		89C618471FD479EB0072F3C0 /* Build configuration list for PBXNativeTarget "History Blueprint" */ = {
			isa = XCConfigurationList;
			buildConfigurations = (
				89C618481FD479EB0072F3C0 /* Debug */,
				89C618491FD479EB0072F3C0 /* Release */,
			);
			defaultConfigurationIsVisible = 0;
			defaultConfigurationName = Release;
		};
/* End XCConfigurationList section */
	};
	rootObject = 89C6182D1FD479EB0072F3C0 /* Project object */;
}
